
Microsoft Visual Studio Solution File, Format Version 11.00
# Visual Studio 2010
Project("{FAE04EC0-301F-11D3-BF4B-00C04F79EFBC}") = "Commands.Bus", "Commands.Architecture\Commands.Bus.csproj", "{C54E928B-0910-4EEB-80CC-BB1A04747773}"
EndProject
Project("{FAE04EC0-301F-11D3-BF4B-00C04F79EFBC}") = "Commands.Bus.Tests", "Commands.Bus.Tests\Commands.Bus.Tests.csproj", "{7692A9B5-C4EB-402B-B55A-4F1416BEA810}"
EndProject
Project("{2150E333-8FDC-42A3-9474-1A3956D46DE8}") = "Solution Items", "Solution Items", "{BE821EF0-FF7C-48F0-B5CC-94E76DADE559}"
	ProjectSection(SolutionItems) = preProject
		Commands.vsmdi = Commands.vsmdi
		Local.testsettings = Local.testsettings
		TraceAndTestImpact.testsettings = TraceAndTestImpact.testsettings
	EndProjectSection
EndProject
Global
	GlobalSection(TestCaseManagementSettings) = postSolution
		CategoryFile = Commands.vsmdi
	EndGlobalSection
	GlobalSection(SolutionConfigurationPlatforms) = preSolution
		Debug|Any CPU = Debug|Any CPU
		Release|Any CPU = Release|Any CPU
	EndGlobalSection
	GlobalSection(ProjectConfigurationPlatforms) = postSolution
		{C54E928B-0910-4EEB-80CC-BB1A04747773}.Debug|Any CPU.ActiveCfg = Debug|Any CPU
		{C54E928B-0910-4EEB-80CC-BB1A04747773}.Debug|Any CPU.Build.0 = Debug|Any CPU
		{C54E928B-0910-4EEB-80CC-BB1A04747773}.Release|Any CPU.ActiveCfg = Release|Any CPU
		{C54E928B-0910-4EEB-80CC-BB1A04747773}.Release|Any CPU.Build.0 = Release|Any CPU
		{7692A9B5-C4EB-402B-B55A-4F1416BEA810}.Debug|Any CPU.ActiveCfg = Debug|Any CPU
		{7692A9B5-C4EB-402B-B55A-4F1416BEA810}.Debug|Any CPU.Build.0 = Debug|Any CPU
		{7692A9B5-C4EB-402B-B55A-4F1416BEA810}.Release|Any CPU.ActiveCfg = Release|Any CPU
		{7692A9B5-C4EB-402B-B55A-4F1416BEA810}.Release|Any CPU.Build.0 = Release|Any CPU
	EndGlobalSection
	GlobalSection(SolutionProperties) = preSolution
		HideSolutionNode = FALSE
	EndGlobalSection
EndGlobal
